
Microsoft Visual Studio Solution File, Format Version 12.00
# Visual Studio 15
VisualStudioVersion = 15.0.26124.0
MinimumVisualStudioVersion = 15.0.26124.0
Project("{FAE04EC0-301F-11D3-BF4B-00C04F79EFBC}") = "stream-chat-net", "src\stream-chat-net.csproj", "{19D55F50-8404-4E26-AEE1-5E8DD4E2730F}"
EndProject
Project("{FAE04EC0-301F-11D3-BF4B-00C04F79EFBC}") = "stream-chat-net-test", "tests\stream-chat-net-test.csproj", "{1CC48E6A-A3B2-4073-8E24-F2AFDA7D06F6}"
EndProject
Project("{2150E333-8FDC-42A3-9474-1A3956D46DE8}") = "samples", "samples", "{29CC09EB-6FD7-4C24-B226-25E15A2EC14D}"
EndProject
Project("{FAE04EC0-301F-11D3-BF4B-00C04F79EFBC}") = "BackendWebApp", "samples\BackendWebApp\BackendWebApp.csproj", "{2723B15F-A75D-403C-9CF2-0CC9400A52C3}"
EndProject
Project("{FAE04EC0-301F-11D3-BF4B-00C04F79EFBC}") = "ConsoleApp", "samples\ConsoleApp\ConsoleApp.csproj", "{D14FA93C-D940-41B4-AD38-A933CD9AF6CC}"
EndProject
Project("{FAE04EC0-301F-11D3-BF4B-00C04F79EFBC}") = "DocsExamples", "samples\DocsExamples\DocsExamples.csproj", "{669E728B-B37B-409B-A4AD-BBAA3B9839AD}"
EndProject
Global
	GlobalSection(SolutionConfigurationPlatforms) = preSolution
		Debug|Any CPU = Debug|Any CPU
		Debug|x64 = Debug|x64
		Debug|x86 = Debug|x86
		Release|Any CPU = Release|Any CPU
		Release|x64 = Release|x64
		Release|x86 = Release|x86
	EndGlobalSection
	GlobalSection(SolutionProperties) = preSolution
		HideSolutionNode = FALSE
	EndGlobalSection
	GlobalSection(ProjectConfigurationPlatforms) = postSolution
		{19D55F50-8404-4E26-AEE1-5E8DD4E2730F}.Debug|Any CPU.ActiveCfg = Debug|Any CPU
		{19D55F50-8404-4E26-AEE1-5E8DD4E2730F}.Debug|Any CPU.Build.0 = Debug|Any CPU
		{19D55F50-8404-4E26-AEE1-5E8DD4E2730F}.Debug|x64.ActiveCfg = Debug|Any CPU
		{19D55F50-8404-4E26-AEE1-5E8DD4E2730F}.Debug|x64.Build.0 = Debug|Any CPU
		{19D55F50-8404-4E26-AEE1-5E8DD4E2730F}.Debug|x86.ActiveCfg = Debug|Any CPU
		{19D55F50-8404-4E26-AEE1-5E8DD4E2730F}.Debug|x86.Build.0 = Debug|Any CPU
		{19D55F50-8404-4E26-AEE1-5E8DD4E2730F}.Release|Any CPU.ActiveCfg = Release|Any CPU
		{19D55F50-8404-4E26-AEE1-5E8DD4E2730F}.Release|Any CPU.Build.0 = Release|Any CPU
		{19D55F50-8404-4E26-AEE1-5E8DD4E2730F}.Release|x64.ActiveCfg = Release|Any CPU
		{19D55F50-8404-4E26-AEE1-5E8DD4E2730F}.Release|x64.Build.0 = Release|Any CPU
		{19D55F50-8404-4E26-AEE1-5E8DD4E2730F}.Release|x86.ActiveCfg = Release|Any CPU
		{19D55F50-8404-4E26-AEE1-5E8DD4E2730F}.Release|x86.Build.0 = Release|Any CPU
		{1CC48E6A-A3B2-4073-8E24-F2AFDA7D06F6}.Debug|Any CPU.ActiveCfg = Debug|Any CPU
		{1CC48E6A-A3B2-4073-8E24-F2AFDA7D06F6}.Debug|Any CPU.Build.0 = Debug|Any CPU
		{1CC48E6A-A3B2-4073-8E24-F2AFDA7D06F6}.Debug|x64.ActiveCfg = Debug|Any CPU
		{1CC48E6A-A3B2-4073-8E24-F2AFDA7D06F6}.Debug|x64.Build.0 = Debug|Any CPU
		{1CC48E6A-A3B2-4073-8E24-F2AFDA7D06F6}.Debug|x86.ActiveCfg = Debug|Any CPU
		{1CC48E6A-A3B2-4073-8E24-F2AFDA7D06F6}.Debug|x86.Build.0 = Debug|Any CPU
		{1CC48E6A-A3B2-4073-8E24-F2AFDA7D06F6}.Release|Any CPU.ActiveCfg = Release|Any CPU
		{1CC48E6A-A3B2-4073-8E24-F2AFDA7D06F6}.Release|Any CPU.Build.0 = Release|Any CPU
		{1CC48E6A-A3B2-4073-8E24-F2AFDA7D06F6}.Release|x64.ActiveCfg = Release|Any CPU
		{1CC48E6A-A3B2-4073-8E24-F2AFDA7D06F6}.Release|x64.Build.0 = Release|Any CPU
		{1CC48E6A-A3B2-4073-8E24-F2AFDA7D06F6}.Release|x86.ActiveCfg = Release|Any CPU
		{1CC48E6A-A3B2-4073-8E24-F2AFDA7D06F6}.Release|x86.Build.0 = Release|Any CPU
		{2723B15F-A75D-403C-9CF2-0CC9400A52C3}.Debug|Any CPU.ActiveCfg = Debug|Any CPU
		{2723B15F-A75D-403C-9CF2-0CC9400A52C3}.Debug|Any CPU.Build.0 = Debug|Any CPU
		{2723B15F-A75D-403C-9CF2-0CC9400A52C3}.Debug|x64.ActiveCfg = Debug|Any CPU
		{2723B15F-A75D-403C-9CF2-0CC9400A52C3}.Debug|x64.Build.0 = Debug|Any CPU
		{2723B15F-A75D-403C-9CF2-0CC9400A52C3}.Debug|x86.ActiveCfg = Debug|Any CPU
		{2723B15F-A75D-403C-9CF2-0CC9400A52C3}.Debug|x86.Build.0 = Debug|Any CPU
		{2723B15F-A75D-403C-9CF2-0CC9400A52C3}.Release|Any CPU.ActiveCfg = Release|Any CPU
		{2723B15F-A75D-403C-9CF2-0CC9400A52C3}.Release|Any CPU.Build.0 = Release|Any CPU
		{2723B15F-A75D-403C-9CF2-0CC9400A52C3}.Release|x64.ActiveCfg = Release|Any CPU
		{2723B15F-A75D-403C-9CF2-0CC9400A52C3}.Release|x64.Build.0 = Release|Any CPU
		{2723B15F-A75D-403C-9CF2-0CC9400A52C3}.Release|x86.ActiveCfg = Release|Any CPU
		{2723B15F-A75D-403C-9CF2-0CC9400A52C3}.Release|x86.Build.0 = Release|Any CPU
		{D14FA93C-D940-41B4-AD38-A933CD9AF6CC}.Debug|Any CPU.ActiveCfg = Debug|Any CPU
		{D14FA93C-D940-41B4-AD38-A933CD9AF6CC}.Debug|Any CPU.Build.0 = Debug|Any CPU
		{D14FA93C-D940-41B4-AD38-A933CD9AF6CC}.Debug|x64.ActiveCfg = Debug|Any CPU
		{D14FA93C-D940-41B4-AD38-A933CD9AF6CC}.Debug|x64.Build.0 = Debug|Any CPU
		{D14FA93C-D940-41B4-AD38-A933CD9AF6CC}.Debug|x86.ActiveCfg = Debug|Any CPU
		{D14FA93C-D940-41B4-AD38-A933CD9AF6CC}.Debug|x86.Build.0 = Debug|Any CPU
		{D14FA93C-D940-41B4-AD38-A933CD9AF6CC}.Release|Any CPU.ActiveCfg = Release|Any CPU
		{D14FA93C-D940-41B4-AD38-A933CD9AF6CC}.Release|Any CPU.Build.0 = Release|Any CPU
		{D14FA93C-D940-41B4-AD38-A933CD9AF6CC}.Release|x64.ActiveCfg = Release|Any CPU
		{D14FA93C-D940-41B4-AD38-A933CD9AF6CC}.Release|x64.Build.0 = Release|Any CPU
		{D14FA93C-D940-41B4-AD38-A933CD9AF6CC}.Release|x86.ActiveCfg = Release|Any CPU
		{D14FA93C-D940-41B4-AD38-A933CD9AF6CC}.Release|x86.Build.0 = Release|Any CPU
		{669E728B-B37B-409B-A4AD-BBAA3B9839AD}.Debug|Any CPU.ActiveCfg = Debug|Any CPU
		{669E728B-B37B-409B-A4AD-BBAA3B9839AD}.Debug|Any CPU.Build.0 = Debug|Any CPU
		{669E728B-B37B-409B-A4AD-BBAA3B9839AD}.Debug|x64.ActiveCfg = Debug|Any CPU
		{669E728B-B37B-409B-A4AD-BBAA3B9839AD}.Debug|x64.Build.0 = Debug|Any CPU
		{669E728B-B37B-409B-A4AD-BBAA3B9839AD}.Debug|x86.ActiveCfg = Debug|Any CPU
		{669E728B-B37B-409B-A4AD-BBAA3B9839AD}.Debug|x86.Build.0 = Debug|Any CPU
		{669E728B-B37B-409B-A4AD-BBAA3B9839AD}.Release|Any CPU.ActiveCfg = Release|Any CPU
		{669E728B-B37B-409B-A4AD-BBAA3B9839AD}.Release|Any CPU.Build.0 = Release|Any CPU
		{669E728B-B37B-409B-A4AD-BBAA3B9839AD}.Release|x64.ActiveCfg = Release|Any CPU
		{669E728B-B37B-409B-A4AD-BBAA3B9839AD}.Release|x64.Build.0 = Release|Any CPU
		{669E728B-B37B-409B-A4AD-BBAA3B9839AD}.Release|x86.ActiveCfg = Release|Any CPU
		{669E728B-B37B-409B-A4AD-BBAA3B9839AD}.Release|x86.Build.0 = Release|Any CPU
	EndGlobalSection
	GlobalSection(NestedProjects) = preSolution
		{2723B15F-A75D-403C-9CF2-0CC9400A52C3} = {29CC09EB-6FD7-4C24-B226-25E15A2EC14D}
		{D14FA93C-D940-41B4-AD38-A933CD9AF6CC} = {29CC09EB-6FD7-4C24-B226-25E15A2EC14D}
		{669E728B-B37B-409B-A4AD-BBAA3B9839AD} = {29CC09EB-6FD7-4C24-B226-25E15A2EC14D}
	EndGlobalSection
EndGlobal
